// !$*UTF8*$!
{
	archiveVersion = 1;
	classes = {
	};
	objectVersion = 55;
	objects = {

/* Begin PBXBuildFile section */
		407E6B1228A61D85005B12AE /* AppDelegate.swift in Sources */ = {isa = PBXBuildFile; fileRef = 407E6B1128A61D85005B12AE /* AppDelegate.swift */; };
		407E6B1428A61D85005B12AE /* SceneDelegate.swift in Sources */ = {isa = PBXBuildFile; fileRef = 407E6B1328A61D85005B12AE /* SceneDelegate.swift */; };
		407E6B1628A61D85005B12AE /* ViewController.swift in Sources */ = {isa = PBXBuildFile; fileRef = 407E6B1528A61D85005B12AE /* ViewController.swift */; };
		407E6B1B28A61D87005B12AE /* Assets.xcassets in Resources */ = {isa = PBXBuildFile; fileRef = 407E6B1A28A61D87005B12AE /* Assets.xcassets */; };
		407E6B1E28A61D87005B12AE /* LaunchScreen.storyboard in Resources */ = {isa = PBXBuildFile; fileRef = 407E6B1C28A61D87005B12AE /* LaunchScreen.storyboard */; };
		407E6B2928A61D87005B12AE /* MyOmniAppTests.swift in Sources */ = {isa = PBXBuildFile; fileRef = 407E6B2828A61D87005B12AE /* MyOmniAppTests.swift */; };
		407E6B3328A61D87005B12AE /* MyOmniAppUITests.swift in Sources */ = {isa = PBXBuildFile; fileRef = 407E6B3228A61D87005B12AE /* MyOmniAppUITests.swift */; };
		407E6B3528A61D87005B12AE /* MyOmniAppUITestsLaunchTests.swift in Sources */ = {isa = PBXBuildFile; fileRef = 407E6B3428A61D87005B12AE /* MyOmniAppUITestsLaunchTests.swift */; };
		407E6B4328A65C50005B12AE /* EmailSignupViewController.swift in Sources */ = {isa = PBXBuildFile; fileRef = 407E6B4228A65C50005B12AE /* EmailSignupViewController.swift */; };
		407E6B4528A6670F005B12AE /* PasswordSignupViewController.swift in Sources */ = {isa = PBXBuildFile; fileRef = 407E6B4428A6670F005B12AE /* PasswordSignupViewController.swift */; };
		407E6B4728A66890005B12AE /* DobSignupViewController.swift in Sources */ = {isa = PBXBuildFile; fileRef = 407E6B4628A66890005B12AE /* DobSignupViewController.swift */; };
		407E6B4928A67BD3005B12AE /* GenderSignupViewController.swift in Sources */ = {isa = PBXBuildFile; fileRef = 407E6B4828A67BD3005B12AE /* GenderSignupViewController.swift */; };
		407E6B4C28A67F3A005B12AE /* Global.swift in Sources */ = {isa = PBXBuildFile; fileRef = 407E6B4B28A67F3A005B12AE /* Global.swift */; };
		407E6B4E28A680B2005B12AE /* CountryViewController.swift in Sources */ = {isa = PBXBuildFile; fileRef = 407E6B4D28A680B2005B12AE /* CountryViewController.swift */; };
		407E6B5228A68493005B12AE /* SignupViewController.swift in Sources */ = {isa = PBXBuildFile; fileRef = 407E6B5128A68493005B12AE /* SignupViewController.swift */; };
		40B3882428ACBD2D007C4BD9 /* AppDelegate.swift in Sources */ = {isa = PBXBuildFile; fileRef = 40B3882328ACBD2D007C4BD9 /* AppDelegate.swift */; };
		40B3882628ACBD2D007C4BD9 /* SceneDelegate.swift in Sources */ = {isa = PBXBuildFile; fileRef = 40B3882528ACBD2D007C4BD9 /* SceneDelegate.swift */; };
		40B3882828ACBD2D007C4BD9 /* ViewController.swift in Sources */ = {isa = PBXBuildFile; fileRef = 40B3882728ACBD2D007C4BD9 /* ViewController.swift */; };
		40B3882B28ACBD2D007C4BD9 /* Main.storyboard in Resources */ = {isa = PBXBuildFile; fileRef = 40B3882928ACBD2D007C4BD9 /* Main.storyboard */; };
		40B3882D28ACBD31007C4BD9 /* Assets.xcassets in Resources */ = {isa = PBXBuildFile; fileRef = 40B3882C28ACBD31007C4BD9 /* Assets.xcassets */; };
		40B3883028ACBD31007C4BD9 /* LaunchScreen.storyboard in Resources */ = {isa = PBXBuildFile; fileRef = 40B3882E28ACBD31007C4BD9 /* LaunchScreen.storyboard */; };
		40B3883C28ACBD31007C4BD9 /* AppClipExampleTests.swift in Sources */ = {isa = PBXBuildFile; fileRef = 40B3883B28ACBD31007C4BD9 /* AppClipExampleTests.swift */; };
		40B3884628ACBD31007C4BD9 /* AppClipExampleUITests.swift in Sources */ = {isa = PBXBuildFile; fileRef = 40B3884528ACBD31007C4BD9 /* AppClipExampleUITests.swift */; };
		40B3884828ACBD31007C4BD9 /* AppClipExampleUITestsLaunchTests.swift in Sources */ = {isa = PBXBuildFile; fileRef = 40B3884728ACBD31007C4BD9 /* AppClipExampleUITestsLaunchTests.swift */; };
		40B3884B28ACBD31007C4BD9 /* AppClipExample.app in Embed App Clips */ = {isa = PBXBuildFile; fileRef = 40B3882128ACBD2D007C4BD9 /* AppClipExample.app */; settings = {ATTRIBUTES = (RemoveHeadersOnCopy, ); }; };
		40B3891D28B2CA23007C4BD9 /* Main.storyboard in Resources */ = {isa = PBXBuildFile; fileRef = 40B3891C28B2CA23007C4BD9 /* Main.storyboard */; };
/* End PBXBuildFile section */

/* Begin PBXContainerItemProxy section */
		407E6B2528A61D87005B12AE /* PBXContainerItemProxy */ = {
			isa = PBXContainerItemProxy;
			containerPortal = 407E6B0628A61D85005B12AE /* Project object */;
			proxyType = 1;
			remoteGlobalIDString = 407E6B0D28A61D85005B12AE;
			remoteInfo = MyOmniApp;
		};
		407E6B2F28A61D87005B12AE /* PBXContainerItemProxy */ = {
			isa = PBXContainerItemProxy;
			containerPortal = 407E6B0628A61D85005B12AE /* Project object */;
			proxyType = 1;
			remoteGlobalIDString = 407E6B0D28A61D85005B12AE;
			remoteInfo = MyOmniApp;
		};
		40B3883828ACBD31007C4BD9 /* PBXContainerItemProxy */ = {
			isa = PBXContainerItemProxy;
			containerPortal = 407E6B0628A61D85005B12AE /* Project object */;
			proxyType = 1;
			remoteGlobalIDString = 40B3882028ACBD2D007C4BD9;
			remoteInfo = AppClipExample;
		};
		40B3884228ACBD31007C4BD9 /* PBXContainerItemProxy */ = {
			isa = PBXContainerItemProxy;
			containerPortal = 407E6B0628A61D85005B12AE /* Project object */;
			proxyType = 1;
			remoteGlobalIDString = 40B3882028ACBD2D007C4BD9;
			remoteInfo = AppClipExample;
		};
		40B3884928ACBD31007C4BD9 /* PBXContainerItemProxy */ = {
			isa = PBXContainerItemProxy;
			containerPortal = 407E6B0628A61D85005B12AE /* Project object */;
			proxyType = 1;
			remoteGlobalIDString = 40B3882028ACBD2D007C4BD9;
			remoteInfo = AppClipExample;
		};
/* End PBXContainerItemProxy section */

/* Begin PBXCopyFilesBuildPhase section */
		40B3884C28ACBD32007C4BD9 /* Embed App Clips */ = {
			isa = PBXCopyFilesBuildPhase;
			buildActionMask = 2147483647;
			dstPath = "$(CONTENTS_FOLDER_PATH)/AppClips";
			dstSubfolderSpec = 16;
			files = (
				40B3884B28ACBD31007C4BD9 /* AppClipExample.app in Embed App Clips */,
			);
			name = "Embed App Clips";
			runOnlyForDeploymentPostprocessing = 0;
		};
/* End PBXCopyFilesBuildPhase section */

/* Begin PBXFileReference section */
		407E6B0E28A61D85005B12AE /* MyOmniApp.app */ = {isa = PBXFileReference; explicitFileType = wrapper.application; includeInIndex = 0; path = MyOmniApp.app; sourceTree = BUILT_PRODUCTS_DIR; };
		407E6B1128A61D85005B12AE /* AppDelegate.swift */ = {isa = PBXFileReference; lastKnownFileType = sourcecode.swift; path = AppDelegate.swift; sourceTree = "<group>"; };
		407E6B1328A61D85005B12AE /* SceneDelegate.swift */ = {isa = PBXFileReference; lastKnownFileType = sourcecode.swift; path = SceneDelegate.swift; sourceTree = "<group>"; };
		407E6B1528A61D85005B12AE /* ViewController.swift */ = {isa = PBXFileReference; lastKnownFileType = sourcecode.swift; path = ViewController.swift; sourceTree = "<group>"; };
		407E6B1A28A61D87005B12AE /* Assets.xcassets */ = {isa = PBXFileReference; lastKnownFileType = folder.assetcatalog; path = Assets.xcassets; sourceTree = "<group>"; };
		407E6B1D28A61D87005B12AE /* Base */ = {isa = PBXFileReference; lastKnownFileType = file.storyboard; name = Base; path = Base.lproj/LaunchScreen.storyboard; sourceTree = "<group>"; };
		407E6B1F28A61D87005B12AE /* Info.plist */ = {isa = PBXFileReference; lastKnownFileType = text.plist.xml; path = Info.plist; sourceTree = "<group>"; };
		407E6B2428A61D87005B12AE /* MyOmniAppTests.xctest */ = {isa = PBXFileReference; explicitFileType = wrapper.cfbundle; includeInIndex = 0; path = MyOmniAppTests.xctest; sourceTree = BUILT_PRODUCTS_DIR; };
		407E6B2828A61D87005B12AE /* MyOmniAppTests.swift */ = {isa = PBXFileReference; lastKnownFileType = sourcecode.swift; path = MyOmniAppTests.swift; sourceTree = "<group>"; };
		407E6B2E28A61D87005B12AE /* MyOmniAppUITests.xctest */ = {isa = PBXFileReference; explicitFileType = wrapper.cfbundle; includeInIndex = 0; path = MyOmniAppUITests.xctest; sourceTree = BUILT_PRODUCTS_DIR; };
		407E6B3228A61D87005B12AE /* MyOmniAppUITests.swift */ = {isa = PBXFileReference; lastKnownFileType = sourcecode.swift; path = MyOmniAppUITests.swift; sourceTree = "<group>"; };
		407E6B3428A61D87005B12AE /* MyOmniAppUITestsLaunchTests.swift */ = {isa = PBXFileReference; lastKnownFileType = sourcecode.swift; path = MyOmniAppUITestsLaunchTests.swift; sourceTree = "<group>"; };
		407E6B4228A65C50005B12AE /* EmailSignupViewController.swift */ = {isa = PBXFileReference; lastKnownFileType = sourcecode.swift; path = EmailSignupViewController.swift; sourceTree = "<group>"; };
		407E6B4428A6670F005B12AE /* PasswordSignupViewController.swift */ = {isa = PBXFileReference; lastKnownFileType = sourcecode.swift; path = PasswordSignupViewController.swift; sourceTree = "<group>"; };
		407E6B4628A66890005B12AE /* DobSignupViewController.swift */ = {isa = PBXFileReference; lastKnownFileType = sourcecode.swift; path = DobSignupViewController.swift; sourceTree = "<group>"; };
		407E6B4828A67BD3005B12AE /* GenderSignupViewController.swift */ = {isa = PBXFileReference; lastKnownFileType = sourcecode.swift; path = GenderSignupViewController.swift; sourceTree = "<group>"; };
		407E6B4B28A67F3A005B12AE /* Global.swift */ = {isa = PBXFileReference; lastKnownFileType = sourcecode.swift; path = Global.swift; sourceTree = "<group>"; };
		407E6B4D28A680B2005B12AE /* CountryViewController.swift */ = {isa = PBXFileReference; lastKnownFileType = sourcecode.swift; path = CountryViewController.swift; sourceTree = "<group>"; };
		407E6B5128A68493005B12AE /* SignupViewController.swift */ = {isa = PBXFileReference; lastKnownFileType = sourcecode.swift; path = SignupViewController.swift; sourceTree = "<group>"; };
		40B3882128ACBD2D007C4BD9 /* AppClipExample.app */ = {isa = PBXFileReference; explicitFileType = wrapper.application; includeInIndex = 0; path = AppClipExample.app; sourceTree = BUILT_PRODUCTS_DIR; };
		40B3882328ACBD2D007C4BD9 /* AppDelegate.swift */ = {isa = PBXFileReference; lastKnownFileType = sourcecode.swift; path = AppDelegate.swift; sourceTree = "<group>"; };
		40B3882528ACBD2D007C4BD9 /* SceneDelegate.swift */ = {isa = PBXFileReference; lastKnownFileType = sourcecode.swift; path = SceneDelegate.swift; sourceTree = "<group>"; };
		40B3882728ACBD2D007C4BD9 /* ViewController.swift */ = {isa = PBXFileReference; lastKnownFileType = sourcecode.swift; path = ViewController.swift; sourceTree = "<group>"; };
		40B3882A28ACBD2D007C4BD9 /* Base */ = {isa = PBXFileReference; lastKnownFileType = file.storyboard; name = Base; path = Base.lproj/Main.storyboard; sourceTree = "<group>"; };
		40B3882C28ACBD31007C4BD9 /* Assets.xcassets */ = {isa = PBXFileReference; lastKnownFileType = folder.assetcatalog; path = Assets.xcassets; sourceTree = "<group>"; };
		40B3882F28ACBD31007C4BD9 /* Base */ = {isa = PBXFileReference; lastKnownFileType = file.storyboard; name = Base; path = Base.lproj/LaunchScreen.storyboard; sourceTree = "<group>"; };
		40B3883128ACBD31007C4BD9 /* Info.plist */ = {isa = PBXFileReference; lastKnownFileType = text.plist.xml; path = Info.plist; sourceTree = "<group>"; };
		40B3883228ACBD31007C4BD9 /* AppClipExample.entitlements */ = {isa = PBXFileReference; lastKnownFileType = text.plist.entitlements; path = AppClipExample.entitlements; sourceTree = "<group>"; };
		40B3883728ACBD31007C4BD9 /* AppClipExampleTests.xctest */ = {isa = PBXFileReference; explicitFileType = wrapper.cfbundle; includeInIndex = 0; path = AppClipExampleTests.xctest; sourceTree = BUILT_PRODUCTS_DIR; };
		40B3883B28ACBD31007C4BD9 /* AppClipExampleTests.swift */ = {isa = PBXFileReference; lastKnownFileType = sourcecode.swift; path = AppClipExampleTests.swift; sourceTree = "<group>"; };
		40B3884128ACBD31007C4BD9 /* AppClipExampleUITests.xctest */ = {isa = PBXFileReference; explicitFileType = wrapper.cfbundle; includeInIndex = 0; path = AppClipExampleUITests.xctest; sourceTree = BUILT_PRODUCTS_DIR; };
		40B3884528ACBD31007C4BD9 /* AppClipExampleUITests.swift */ = {isa = PBXFileReference; lastKnownFileType = sourcecode.swift; path = AppClipExampleUITests.swift; sourceTree = "<group>"; };
		40B3884728ACBD31007C4BD9 /* AppClipExampleUITestsLaunchTests.swift */ = {isa = PBXFileReference; lastKnownFileType = sourcecode.swift; path = AppClipExampleUITestsLaunchTests.swift; sourceTree = "<group>"; };
		40B3891C28B2CA23007C4BD9 /* Main.storyboard */ = {isa = PBXFileReference; fileEncoding = 4; lastKnownFileType = file.storyboard; name = Main.storyboard; path = ../../Main.storyboard; sourceTree = "<group>"; };
/* End PBXFileReference section */

/* Begin PBXFrameworksBuildPhase section */
		407E6B0B28A61D85005B12AE /* Frameworks */ = {
			isa = PBXFrameworksBuildPhase;
			buildActionMask = 2147483647;
			files = (
			);
			runOnlyForDeploymentPostprocessing = 0;
		};
		407E6B2128A61D87005B12AE /* Frameworks */ = {
			isa = PBXFrameworksBuildPhase;
			buildActionMask = 2147483647;
			files = (
			);
			runOnlyForDeploymentPostprocessing = 0;
		};
		407E6B2B28A61D87005B12AE /* Frameworks */ = {
			isa = PBXFrameworksBuildPhase;
			buildActionMask = 2147483647;
			files = (
			);
			runOnlyForDeploymentPostprocessing = 0;
		};
		40B3881E28ACBD2D007C4BD9 /* Frameworks */ = {
			isa = PBXFrameworksBuildPhase;
			buildActionMask = 2147483647;
			files = (
			);
			runOnlyForDeploymentPostprocessing = 0;
		};
		40B3883428ACBD31007C4BD9 /* Frameworks */ = {
			isa = PBXFrameworksBuildPhase;
			buildActionMask = 2147483647;
			files = (
			);
			runOnlyForDeploymentPostprocessing = 0;
		};
		40B3883E28ACBD31007C4BD9 /* Frameworks */ = {
			isa = PBXFrameworksBuildPhase;
			buildActionMask = 2147483647;
			files = (
			);
			runOnlyForDeploymentPostprocessing = 0;
		};
/* End PBXFrameworksBuildPhase section */

/* Begin PBXGroup section */
		407E6B0528A61D85005B12AE = {
			isa = PBXGroup;
			children = (
				407E6B1028A61D85005B12AE /* MyOmniApp */,
				407E6B2728A61D87005B12AE /* MyOmniAppTests */,
				407E6B3128A61D87005B12AE /* MyOmniAppUITests */,
				40B3882228ACBD2D007C4BD9 /* AppClipExample */,
				40B3883A28ACBD31007C4BD9 /* AppClipExampleTests */,
				40B3884428ACBD31007C4BD9 /* AppClipExampleUITests */,
				407E6B0F28A61D85005B12AE /* Products */,
			);
			sourceTree = "<group>";
		};
		407E6B0F28A61D85005B12AE /* Products */ = {
			isa = PBXGroup;
			children = (
				407E6B0E28A61D85005B12AE /* MyOmniApp.app */,
				407E6B2428A61D87005B12AE /* MyOmniAppTests.xctest */,
				407E6B2E28A61D87005B12AE /* MyOmniAppUITests.xctest */,
				40B3882128ACBD2D007C4BD9 /* AppClipExample.app */,
				40B3883728ACBD31007C4BD9 /* AppClipExampleTests.xctest */,
				40B3884128ACBD31007C4BD9 /* AppClipExampleUITests.xctest */,
			);
			name = Products;
			sourceTree = "<group>";
		};
		407E6B1028A61D85005B12AE /* MyOmniApp */ = {
			isa = PBXGroup;
			children = (
				407E6B4A28A67F2A005B12AE /* Other */,
				407E6B4128A61E02005B12AE /* controller */,
				407E6B1128A61D85005B12AE /* AppDelegate.swift */,
				40B3891C28B2CA23007C4BD9 /* Main.storyboard */,
				407E6B1328A61D85005B12AE /* SceneDelegate.swift */,
				407E6B1A28A61D87005B12AE /* Assets.xcassets */,
				407E6B1C28A61D87005B12AE /* LaunchScreen.storyboard */,
				407E6B1F28A61D87005B12AE /* Info.plist */,
			);
			path = MyOmniApp;
			sourceTree = "<group>";
		};
		407E6B2728A61D87005B12AE /* MyOmniAppTests */ = {
			isa = PBXGroup;
			children = (
				407E6B2828A61D87005B12AE /* MyOmniAppTests.swift */,
			);
			path = MyOmniAppTests;
			sourceTree = "<group>";
		};
		407E6B3128A61D87005B12AE /* MyOmniAppUITests */ = {
			isa = PBXGroup;
			children = (
				407E6B3228A61D87005B12AE /* MyOmniAppUITests.swift */,
				407E6B3428A61D87005B12AE /* MyOmniAppUITestsLaunchTests.swift */,
			);
			path = MyOmniAppUITests;
			sourceTree = "<group>";
		};
		407E6B4128A61E02005B12AE /* controller */ = {
			isa = PBXGroup;
			children = (
				407E6B1528A61D85005B12AE /* ViewController.swift */,
				407E6B4228A65C50005B12AE /* EmailSignupViewController.swift */,
				407E6B4428A6670F005B12AE /* PasswordSignupViewController.swift */,
				407E6B4628A66890005B12AE /* DobSignupViewController.swift */,
				407E6B4828A67BD3005B12AE /* GenderSignupViewController.swift */,
				407E6B4D28A680B2005B12AE /* CountryViewController.swift */,
				407E6B5128A68493005B12AE /* SignupViewController.swift */,
			);
			path = controller;
			sourceTree = "<group>";
		};
		407E6B4A28A67F2A005B12AE /* Other */ = {
			isa = PBXGroup;
			children = (
				407E6B4B28A67F3A005B12AE /* Global.swift */,
			);
			path = Other;
			sourceTree = "<group>";
		};
		40B3882228ACBD2D007C4BD9 /* AppClipExample */ = {
			isa = PBXGroup;
			children = (
				40B3882328ACBD2D007C4BD9 /* AppDelegate.swift */,
				40B3882528ACBD2D007C4BD9 /* SceneDelegate.swift */,
				40B3882728ACBD2D007C4BD9 /* ViewController.swift */,
				40B3882928ACBD2D007C4BD9 /* Main.storyboard */,
				40B3882C28ACBD31007C4BD9 /* Assets.xcassets */,
				40B3882E28ACBD31007C4BD9 /* LaunchScreen.storyboard */,
				40B3883128ACBD31007C4BD9 /* Info.plist */,
				40B3883228ACBD31007C4BD9 /* AppClipExample.entitlements */,
			);
			path = AppClipExample;
			sourceTree = "<group>";
		};
		40B3883A28ACBD31007C4BD9 /* AppClipExampleTests */ = {
			isa = PBXGroup;
			children = (
				40B3883B28ACBD31007C4BD9 /* AppClipExampleTests.swift */,
			);
			path = AppClipExampleTests;
			sourceTree = "<group>";
		};
		40B3884428ACBD31007C4BD9 /* AppClipExampleUITests */ = {
			isa = PBXGroup;
			children = (
				40B3884528ACBD31007C4BD9 /* AppClipExampleUITests.swift */,
				40B3884728ACBD31007C4BD9 /* AppClipExampleUITestsLaunchTests.swift */,
			);
			path = AppClipExampleUITests;
			sourceTree = "<group>";
		};
/* End PBXGroup section */

/* Begin PBXNativeTarget section */
		407E6B0D28A61D85005B12AE /* MyOmniApp */ = {
			isa = PBXNativeTarget;
			buildConfigurationList = 407E6B3828A61D87005B12AE /* Build configuration list for PBXNativeTarget "MyOmniApp" */;
			buildPhases = (
				407E6B0A28A61D85005B12AE /* Sources */,
				407E6B0B28A61D85005B12AE /* Frameworks */,
				407E6B0C28A61D85005B12AE /* Resources */,
				40B3884C28ACBD32007C4BD9 /* Embed App Clips */,
			);
			buildRules = (
			);
			dependencies = (
				40B3884A28ACBD31007C4BD9 /* PBXTargetDependency */,
			);
			name = MyOmniApp;
			productName = MyOmniApp;
			productReference = 407E6B0E28A61D85005B12AE /* MyOmniApp.app */;
			productType = "com.apple.product-type.application";
		};
		407E6B2328A61D87005B12AE /* MyOmniAppTests */ = {
			isa = PBXNativeTarget;
			buildConfigurationList = 407E6B3B28A61D87005B12AE /* Build configuration list for PBXNativeTarget "MyOmniAppTests" */;
			buildPhases = (
				407E6B2028A61D87005B12AE /* Sources */,
				407E6B2128A61D87005B12AE /* Frameworks */,
				407E6B2228A61D87005B12AE /* Resources */,
			);
			buildRules = (
			);
			dependencies = (
				407E6B2628A61D87005B12AE /* PBXTargetDependency */,
			);
			name = MyOmniAppTests;
			productName = MyOmniAppTests;
			productReference = 407E6B2428A61D87005B12AE /* MyOmniAppTests.xctest */;
			productType = "com.apple.product-type.bundle.unit-test";
		};
		407E6B2D28A61D87005B12AE /* MyOmniAppUITests */ = {
			isa = PBXNativeTarget;
			buildConfigurationList = 407E6B3E28A61D87005B12AE /* Build configuration list for PBXNativeTarget "MyOmniAppUITests" */;
			buildPhases = (
				407E6B2A28A61D87005B12AE /* Sources */,
				407E6B2B28A61D87005B12AE /* Frameworks */,
				407E6B2C28A61D87005B12AE /* Resources */,
			);
			buildRules = (
			);
			dependencies = (
				407E6B3028A61D87005B12AE /* PBXTargetDependency */,
			);
			name = MyOmniAppUITests;
			productName = MyOmniAppUITests;
			productReference = 407E6B2E28A61D87005B12AE /* MyOmniAppUITests.xctest */;
			productType = "com.apple.product-type.bundle.ui-testing";
		};
		40B3882028ACBD2D007C4BD9 /* AppClipExample */ = {
			isa = PBXNativeTarget;
			buildConfigurationList = 40B3885328ACBD32007C4BD9 /* Build configuration list for PBXNativeTarget "AppClipExample" */;
			buildPhases = (
				40B3881D28ACBD2D007C4BD9 /* Sources */,
				40B3881E28ACBD2D007C4BD9 /* Frameworks */,
				40B3881F28ACBD2D007C4BD9 /* Resources */,
			);
			buildRules = (
			);
			dependencies = (
			);
			name = AppClipExample;
			productName = AppClipExample;
			productReference = 40B3882128ACBD2D007C4BD9 /* AppClipExample.app */;
			productType = "com.apple.product-type.application.on-demand-install-capable";
		};
		40B3883628ACBD31007C4BD9 /* AppClipExampleTests */ = {
			isa = PBXNativeTarget;
			buildConfigurationList = 40B3885428ACBD32007C4BD9 /* Build configuration list for PBXNativeTarget "AppClipExampleTests" */;
			buildPhases = (
				40B3883328ACBD31007C4BD9 /* Sources */,
				40B3883428ACBD31007C4BD9 /* Frameworks */,
				40B3883528ACBD31007C4BD9 /* Resources */,
			);
			buildRules = (
			);
			dependencies = (
				40B3883928ACBD31007C4BD9 /* PBXTargetDependency */,
			);
			name = AppClipExampleTests;
			productName = AppClipExampleTests;
			productReference = 40B3883728ACBD31007C4BD9 /* AppClipExampleTests.xctest */;
			productType = "com.apple.product-type.bundle.unit-test";
		};
		40B3884028ACBD31007C4BD9 /* AppClipExampleUITests */ = {
			isa = PBXNativeTarget;
			buildConfigurationList = 40B3885528ACBD32007C4BD9 /* Build configuration list for PBXNativeTarget "AppClipExampleUITests" */;
			buildPhases = (
				40B3883D28ACBD31007C4BD9 /* Sources */,
				40B3883E28ACBD31007C4BD9 /* Frameworks */,
				40B3883F28ACBD31007C4BD9 /* Resources */,
			);
			buildRules = (
			);
			dependencies = (
				40B3884328ACBD31007C4BD9 /* PBXTargetDependency */,
			);
			name = AppClipExampleUITests;
			productName = AppClipExampleUITests;
			productReference = 40B3884128ACBD31007C4BD9 /* AppClipExampleUITests.xctest */;
			productType = "com.apple.product-type.bundle.ui-testing";
		};
/* End PBXNativeTarget section */

/* Begin PBXProject section */
		407E6B0628A61D85005B12AE /* Project object */ = {
			isa = PBXProject;
			attributes = {
				BuildIndependentTargetsInParallel = 1;
				LastSwiftUpdateCheck = 1340;
				LastUpgradeCheck = 1340;
				TargetAttributes = {
					407E6B0D28A61D85005B12AE = {
						CreatedOnToolsVersion = 13.4.1;
					};
					407E6B2328A61D87005B12AE = {
						CreatedOnToolsVersion = 13.4.1;
						TestTargetID = 407E6B0D28A61D85005B12AE;
					};
					407E6B2D28A61D87005B12AE = {
						CreatedOnToolsVersion = 13.4.1;
						TestTargetID = 407E6B0D28A61D85005B12AE;
					};
					40B3882028ACBD2D007C4BD9 = {
						CreatedOnToolsVersion = 13.4.1;
					};
					40B3883628ACBD31007C4BD9 = {
						CreatedOnToolsVersion = 13.4.1;
						TestTargetID = 40B3882028ACBD2D007C4BD9;
					};
					40B3884028ACBD31007C4BD9 = {
						CreatedOnToolsVersion = 13.4.1;
						TestTargetID = 40B3882028ACBD2D007C4BD9;
					};
				};
			};
			buildConfigurationList = 407E6B0928A61D85005B12AE /* Build configuration list for PBXProject "MyOmniApp" */;
			compatibilityVersion = "Xcode 13.0";
			developmentRegion = en;
			hasScannedForEncodings = 0;
			knownRegions = (
				en,
				Base,
			);
			mainGroup = 407E6B0528A61D85005B12AE;
			productRefGroup = 407E6B0F28A61D85005B12AE /* Products */;
			projectDirPath = "";
			projectRoot = "";
			targets = (
				407E6B0D28A61D85005B12AE /* MyOmniApp */,
				407E6B2328A61D87005B12AE /* MyOmniAppTests */,
				407E6B2D28A61D87005B12AE /* MyOmniAppUITests */,
				40B3882028ACBD2D007C4BD9 /* AppClipExample */,
				40B3883628ACBD31007C4BD9 /* AppClipExampleTests */,
				40B3884028ACBD31007C4BD9 /* AppClipExampleUITests */,
			);
		};
/* End PBXProject section */

/* Begin PBXResourcesBuildPhase section */
		407E6B0C28A61D85005B12AE /* Resources */ = {
			isa = PBXResourcesBuildPhase;
			buildActionMask = 2147483647;
			files = (
				407E6B1E28A61D87005B12AE /* LaunchScreen.storyboard in Resources */,
				407E6B1B28A61D87005B12AE /* Assets.xcassets in Resources */,
				40B3891D28B2CA23007C4BD9 /* Main.storyboard in Resources */,
			);
			runOnlyForDeploymentPostprocessing = 0;
		};
		407E6B2228A61D87005B12AE /* Resources */ = {
			isa = PBXResourcesBuildPhase;
			buildActionMask = 2147483647;
			files = (
			);
			runOnlyForDeploymentPostprocessing = 0;
		};
		407E6B2C28A61D87005B12AE /* Resources */ = {
			isa = PBXResourcesBuildPhase;
			buildActionMask = 2147483647;
			files = (
			);
			runOnlyForDeploymentPostprocessing = 0;
		};
		40B3881F28ACBD2D007C4BD9 /* Resources */ = {
			isa = PBXResourcesBuildPhase;
			buildActionMask = 2147483647;
			files = (
				40B3883028ACBD31007C4BD9 /* LaunchScreen.storyboard in Resources */,
				40B3882D28ACBD31007C4BD9 /* Assets.xcassets in Resources */,
				40B3882B28ACBD2D007C4BD9 /* Main.storyboard in Resources */,
			);
			runOnlyForDeploymentPostprocessing = 0;
		};
		40B3883528ACBD31007C4BD9 /* Resources */ = {
			isa = PBXResourcesBuildPhase;
			buildActionMask = 2147483647;
			files = (
			);
			runOnlyForDeploymentPostprocessing = 0;
		};
		40B3883F28ACBD31007C4BD9 /* Resources */ = {
			isa = PBXResourcesBuildPhase;
			buildActionMask = 2147483647;
			files = (
			);
			runOnlyForDeploymentPostprocessing = 0;
		};
/* End PBXResourcesBuildPhase section */

/* Begin PBXSourcesBuildPhase section */
		407E6B0A28A61D85005B12AE /* Sources */ = {
			isa = PBXSourcesBuildPhase;
			buildActionMask = 2147483647;
			files = (
				407E6B4E28A680B2005B12AE /* CountryViewController.swift in Sources */,
				407E6B4C28A67F3A005B12AE /* Global.swift in Sources */,
				407E6B5228A68493005B12AE /* SignupViewController.swift in Sources */,
				407E6B4728A66890005B12AE /* DobSignupViewController.swift in Sources */,
				407E6B1628A61D85005B12AE /* ViewController.swift in Sources */,
				407E6B4928A67BD3005B12AE /* GenderSignupViewController.swift in Sources */,
				407E6B4528A6670F005B12AE /* PasswordSignupViewController.swift in Sources */,
				407E6B1228A61D85005B12AE /* AppDelegate.swift in Sources */,
				407E6B1428A61D85005B12AE /* SceneDelegate.swift in Sources */,
				407E6B4328A65C50005B12AE /* EmailSignupViewController.swift in Sources */,
			);
			runOnlyForDeploymentPostprocessing = 0;
		};
		407E6B2028A61D87005B12AE /* Sources */ = {
			isa = PBXSourcesBuildPhase;
			buildActionMask = 2147483647;
			files = (
				407E6B2928A61D87005B12AE /* MyOmniAppTests.swift in Sources */,
			);
			runOnlyForDeploymentPostprocessing = 0;
		};
		407E6B2A28A61D87005B12AE /* Sources */ = {
			isa = PBXSourcesBuildPhase;
			buildActionMask = 2147483647;
			files = (
				407E6B3328A61D87005B12AE /* MyOmniAppUITests.swift in Sources */,
				407E6B3528A61D87005B12AE /* MyOmniAppUITestsLaunchTests.swift in Sources */,
			);
			runOnlyForDeploymentPostprocessing = 0;
		};
		40B3881D28ACBD2D007C4BD9 /* Sources */ = {
			isa = PBXSourcesBuildPhase;
			buildActionMask = 2147483647;
			files = (
				40B3882828ACBD2D007C4BD9 /* ViewController.swift in Sources */,
				40B3882428ACBD2D007C4BD9 /* AppDelegate.swift in Sources */,
				40B3882628ACBD2D007C4BD9 /* SceneDelegate.swift in Sources */,
			);
			runOnlyForDeploymentPostprocessing = 0;
		};
		40B3883328ACBD31007C4BD9 /* Sources */ = {
			isa = PBXSourcesBuildPhase;
			buildActionMask = 2147483647;
			files = (
				40B3883C28ACBD31007C4BD9 /* AppClipExampleTests.swift in Sources */,
			);
			runOnlyForDeploymentPostprocessing = 0;
		};
		40B3883D28ACBD31007C4BD9 /* Sources */ = {
			isa = PBXSourcesBuildPhase;
			buildActionMask = 2147483647;
			files = (
				40B3884628ACBD31007C4BD9 /* AppClipExampleUITests.swift in Sources */,
				40B3884828ACBD31007C4BD9 /* AppClipExampleUITestsLaunchTests.swift in Sources */,
			);
			runOnlyForDeploymentPostprocessing = 0;
		};
/* End PBXSourcesBuildPhase section */

/* Begin PBXTargetDependency section */
		407E6B2628A61D87005B12AE /* PBXTargetDependency */ = {
			isa = PBXTargetDependency;
			target = 407E6B0D28A61D85005B12AE /* MyOmniApp */;
			targetProxy = 407E6B2528A61D87005B12AE /* PBXContainerItemProxy */;
		};
		407E6B3028A61D87005B12AE /* PBXTargetDependency */ = {
			isa = PBXTargetDependency;
			target = 407E6B0D28A61D85005B12AE /* MyOmniApp */;
			targetProxy = 407E6B2F28A61D87005B12AE /* PBXContainerItemProxy */;
		};
		40B3883928ACBD31007C4BD9 /* PBXTargetDependency */ = {
			isa = PBXTargetDependency;
			target = 40B3882028ACBD2D007C4BD9 /* AppClipExample */;
			targetProxy = 40B3883828ACBD31007C4BD9 /* PBXContainerItemProxy */;
		};
		40B3884328ACBD31007C4BD9 /* PBXTargetDependency */ = {
			isa = PBXTargetDependency;
			target = 40B3882028ACBD2D007C4BD9 /* AppClipExample */;
			targetProxy = 40B3884228ACBD31007C4BD9 /* PBXContainerItemProxy */;
		};
		40B3884A28ACBD31007C4BD9 /* PBXTargetDependency */ = {
			isa = PBXTargetDependency;
			target = 40B3882028ACBD2D007C4BD9 /* AppClipExample */;
			targetProxy = 40B3884928ACBD31007C4BD9 /* PBXContainerItemProxy */;
		};
/* End PBXTargetDependency section */

/* Begin PBXVariantGroup section */
		407E6B1C28A61D87005B12AE /* LaunchScreen.storyboard */ = {
			isa = PBXVariantGroup;
			children = (
				407E6B1D28A61D87005B12AE /* Base */,
			);
			name = LaunchScreen.storyboard;
			sourceTree = "<group>";
		};
		40B3882928ACBD2D007C4BD9 /* Main.storyboard */ = {
			isa = PBXVariantGroup;
			children = (
				40B3882A28ACBD2D007C4BD9 /* Base */,
			);
			name = Main.storyboard;
			sourceTree = "<group>";
		};
		40B3882E28ACBD31007C4BD9 /* LaunchScreen.storyboard */ = {
			isa = PBXVariantGroup;
			children = (
				40B3882F28ACBD31007C4BD9 /* Base */,
			);
			name = LaunchScreen.storyboard;
			sourceTree = "<group>";
		};
/* End PBXVariantGroup section */

/* Begin XCBuildConfiguration section */
		407E6B3628A61D87005B12AE /* Debug */ = {
			isa = XCBuildConfiguration;
			buildSettings = {
				ALWAYS_SEARCH_USER_PATHS = NO;
				CLANG_ANALYZER_NONNULL = YES;
				CLANG_ANALYZER_NUMBER_OBJECT_CONVERSION = YES_AGGRESSIVE;
				CLANG_CXX_LANGUAGE_STANDARD = "gnu++17";
				CLANG_ENABLE_MODULES = YES;
				CLANG_ENABLE_OBJC_ARC = YES;
				CLANG_ENABLE_OBJC_WEAK = YES;
				CLANG_WARN_BLOCK_CAPTURE_AUTORELEASING = YES;
				CLANG_WARN_BOOL_CONVERSION = YES;
				CLANG_WARN_COMMA = YES;
				CLANG_WARN_CONSTANT_CONVERSION = YES;
				CLANG_WARN_DEPRECATED_OBJC_IMPLEMENTATIONS = YES;
				CLANG_WARN_DIRECT_OBJC_ISA_USAGE = YES_ERROR;
				CLANG_WARN_DOCUMENTATION_COMMENTS = YES;
				CLANG_WARN_EMPTY_BODY = YES;
				CLANG_WARN_ENUM_CONVERSION = YES;
				CLANG_WARN_INFINITE_RECURSION = YES;
				CLANG_WARN_INT_CONVERSION = YES;
				CLANG_WARN_NON_LITERAL_NULL_CONVERSION = YES;
				CLANG_WARN_OBJC_IMPLICIT_RETAIN_SELF = YES;
				CLANG_WARN_OBJC_LITERAL_CONVERSION = YES;
				CLANG_WARN_OBJC_ROOT_CLASS = YES_ERROR;
				CLANG_WARN_QUOTED_INCLUDE_IN_FRAMEWORK_HEADER = YES;
				CLANG_WARN_RANGE_LOOP_ANALYSIS = YES;
				CLANG_WARN_STRICT_PROTOTYPES = YES;
				CLANG_WARN_SUSPICIOUS_MOVE = YES;
				CLANG_WARN_UNGUARDED_AVAILABILITY = YES_AGGRESSIVE;
				CLANG_WARN_UNREACHABLE_CODE = YES;
				CLANG_WARN__DUPLICATE_METHOD_MATCH = YES;
				COPY_PHASE_STRIP = NO;
				DEBUG_INFORMATION_FORMAT = dwarf;
				ENABLE_STRICT_OBJC_MSGSEND = YES;
				ENABLE_TESTABILITY = YES;
				GCC_C_LANGUAGE_STANDARD = gnu11;
				GCC_DYNAMIC_NO_PIC = NO;
				GCC_NO_COMMON_BLOCKS = YES;
				GCC_OPTIMIZATION_LEVEL = 0;
				GCC_PREPROCESSOR_DEFINITIONS = (
					"DEBUG=1",
					"$(inherited)",
				);
				GCC_WARN_64_TO_32_BIT_CONVERSION = YES;
				GCC_WARN_ABOUT_RETURN_TYPE = YES_ERROR;
				GCC_WARN_UNDECLARED_SELECTOR = YES;
				GCC_WARN_UNINITIALIZED_AUTOS = YES_AGGRESSIVE;
				GCC_WARN_UNUSED_FUNCTION = YES;
				GCC_WARN_UNUSED_VARIABLE = YES;
				IPHONEOS_DEPLOYMENT_TARGET = 15.5;
				MTL_ENABLE_DEBUG_INFO = INCLUDE_SOURCE;
				MTL_FAST_MATH = YES;
				ONLY_ACTIVE_ARCH = YES;
				SDKROOT = iphoneos;
				SWIFT_ACTIVE_COMPILATION_CONDITIONS = DEBUG;
				SWIFT_OPTIMIZATION_LEVEL = "-Onone";
			};
			name = Debug;
		};
		407E6B3728A61D87005B12AE /* Release */ = {
			isa = XCBuildConfiguration;
			buildSettings = {
				ALWAYS_SEARCH_USER_PATHS = NO;
				CLANG_ANALYZER_NONNULL = YES;
				CLANG_ANALYZER_NUMBER_OBJECT_CONVERSION = YES_AGGRESSIVE;
				CLANG_CXX_LANGUAGE_STANDARD = "gnu++17";
				CLANG_ENABLE_MODULES = YES;
				CLANG_ENABLE_OBJC_ARC = YES;
				CLANG_ENABLE_OBJC_WEAK = YES;
				CLANG_WARN_BLOCK_CAPTURE_AUTORELEASING = YES;
				CLANG_WARN_BOOL_CONVERSION = YES;
				CLANG_WARN_COMMA = YES;
				CLANG_WARN_CONSTANT_CONVERSION = YES;
				CLANG_WARN_DEPRECATED_OBJC_IMPLEMENTATIONS = YES;
				CLANG_WARN_DIRECT_OBJC_ISA_USAGE = YES_ERROR;
				CLANG_WARN_DOCUMENTATION_COMMENTS = YES;
				CLANG_WARN_EMPTY_BODY = YES;
				CLANG_WARN_ENUM_CONVERSION = YES;
				CLANG_WARN_INFINITE_RECURSION = YES;
				CLANG_WARN_INT_CONVERSION = YES;
				CLANG_WARN_NON_LITERAL_NULL_CONVERSION = YES;
				CLANG_WARN_OBJC_IMPLICIT_RETAIN_SELF = YES;
				CLANG_WARN_OBJC_LITERAL_CONVERSION = YES;
				CLANG_WARN_OBJC_ROOT_CLASS = YES_ERROR;
				CLANG_WARN_QUOTED_INCLUDE_IN_FRAMEWORK_HEADER = YES;
				CLANG_WARN_RANGE_LOOP_ANALYSIS = YES;
				CLANG_WARN_STRICT_PROTOTYPES = YES;
				CLANG_WARN_SUSPICIOUS_MOVE = YES;
				CLANG_WARN_UNGUARDED_AVAILABILITY = YES_AGGRESSIVE;
				CLANG_WARN_UNREACHABLE_CODE = YES;
				CLANG_WARN__DUPLICATE_METHOD_MATCH = YES;
				COPY_PHASE_STRIP = NO;
				DEBUG_INFORMATION_FORMAT = "dwarf-with-dsym";
				ENABLE_NS_ASSERTIONS = NO;
				ENABLE_STRICT_OBJC_MSGSEND = YES;
				GCC_C_LANGUAGE_STANDARD = gnu11;
				GCC_NO_COMMON_BLOCKS = YES;
				GCC_WARN_64_TO_32_BIT_CONVERSION = YES;
				GCC_WARN_ABOUT_RETURN_TYPE = YES_ERROR;
				GCC_WARN_UNDECLARED_SELECTOR = YES;
				GCC_WARN_UNINITIALIZED_AUTOS = YES_AGGRESSIVE;
				GCC_WARN_UNUSED_FUNCTION = YES;
				GCC_WARN_UNUSED_VARIABLE = YES;
				IPHONEOS_DEPLOYMENT_TARGET = 15.5;
				MTL_ENABLE_DEBUG_INFO = NO;
				MTL_FAST_MATH = YES;
				SDKROOT = iphoneos;
				SWIFT_COMPILATION_MODE = wholemodule;
				SWIFT_OPTIMIZATION_LEVEL = "-O";
				VALIDATE_PRODUCT = YES;
			};
			name = Release;
		};
		407E6B3928A61D87005B12AE /* Debug */ = {
			isa = XCBuildConfiguration;
			buildSettings = {
				ALWAYS_EMBED_SWIFT_STANDARD_LIBRARIES = YES;
				ASSETCATALOG_COMPILER_APPICON_NAME = AppIcon;
				ASSETCATALOG_COMPILER_GLOBAL_ACCENT_COLOR_NAME = AccentColor;
				CODE_SIGN_STYLE = Automatic;
				CURRENT_PROJECT_VERSION = 1;
				DEVELOPMENT_TEAM = UG8K36LK2J;
				GENERATE_INFOPLIST_FILE = YES;
				INFOPLIST_FILE = MyOmniApp/Info.plist;
				INFOPLIST_KEY_UIApplicationSupportsIndirectInputEvents = YES;
				INFOPLIST_KEY_UILaunchStoryboardName = LaunchScreen;
				INFOPLIST_KEY_UIMainStoryboardFile = Main;
				INFOPLIST_KEY_UISupportedInterfaceOrientations_iPad = "UIInterfaceOrientationPortrait UIInterfaceOrientationPortraitUpsideDown UIInterfaceOrientationLandscapeLeft UIInterfaceOrientationLandscapeRight";
				INFOPLIST_KEY_UISupportedInterfaceOrientations_iPhone = "UIInterfaceOrientationPortrait UIInterfaceOrientationLandscapeLeft UIInterfaceOrientationLandscapeRight";
				LD_RUNPATH_SEARCH_PATHS = (
					"$(inherited)",
					"@executable_path/Frameworks",
				);
				MARKETING_VERSION = 1.0;
				PRODUCT_BUNDLE_IDENTIFIER = ranium.MyOmniApp;
				PRODUCT_NAME = "$(TARGET_NAME)";
				SWIFT_EMIT_LOC_STRINGS = YES;
				SWIFT_VERSION = 5.0;
				TARGETED_DEVICE_FAMILY = "1,2";
			};
			name = Debug;
		};
		407E6B3A28A61D87005B12AE /* Release */ = {
			isa = XCBuildConfiguration;
			buildSettings = {
				ALWAYS_EMBED_SWIFT_STANDARD_LIBRARIES = YES;
				ASSETCATALOG_COMPILER_APPICON_NAME = AppIcon;
				ASSETCATALOG_COMPILER_GLOBAL_ACCENT_COLOR_NAME = AccentColor;
				CODE_SIGN_STYLE = Automatic;
				CURRENT_PROJECT_VERSION = 1;
				DEVELOPMENT_TEAM = UG8K36LK2J;
				GENERATE_INFOPLIST_FILE = YES;
				INFOPLIST_FILE = MyOmniApp/Info.plist;
				INFOPLIST_KEY_UIApplicationSupportsIndirectInputEvents = YES;
				INFOPLIST_KEY_UILaunchStoryboardName = LaunchScreen;
				INFOPLIST_KEY_UIMainStoryboardFile = Main;
				INFOPLIST_KEY_UISupportedInterfaceOrientations_iPad = "UIInterfaceOrientationPortrait UIInterfaceOrientationPortraitUpsideDown UIInterfaceOrientationLandscapeLeft UIInterfaceOrientationLandscapeRight";
				INFOPLIST_KEY_UISupportedInterfaceOrientations_iPhone = "UIInterfaceOrientationPortrait UIInterfaceOrientationLandscapeLeft UIInterfaceOrientationLandscapeRight";
				LD_RUNPATH_SEARCH_PATHS = (
					"$(inherited)",
					"@executable_path/Frameworks",
				);
				MARKETING_VERSION = 1.0;
				PRODUCT_BUNDLE_IDENTIFIER = ranium.MyOmniApp;
				PRODUCT_NAME = "$(TARGET_NAME)";
				SWIFT_EMIT_LOC_STRINGS = YES;
				SWIFT_VERSION = 5.0;
				TARGETED_DEVICE_FAMILY = "1,2";
			};
			name = Release;
		};
		407E6B3C28A61D87005B12AE /* Debug */ = {
			isa = XCBuildConfiguration;
			buildSettings = {
				ALWAYS_EMBED_SWIFT_STANDARD_LIBRARIES = YES;
				BUNDLE_LOADER = "$(TEST_HOST)";
				CODE_SIGN_STYLE = Automatic;
				CURRENT_PROJECT_VERSION = 1;
				DEVELOPMENT_TEAM = UG8K36LK2J;
				GENERATE_INFOPLIST_FILE = YES;
				IPHONEOS_DEPLOYMENT_TARGET = 15.5;
				MARKETING_VERSION = 1.0;
				PRODUCT_BUNDLE_IDENTIFIER = ranium.MyOmniAppTests;
				PRODUCT_NAME = "$(TARGET_NAME)";
				SWIFT_EMIT_LOC_STRINGS = NO;
				SWIFT_VERSION = 5.0;
				TARGETED_DEVICE_FAMILY = "1,2";
				TEST_HOST = "$(BUILT_PRODUCTS_DIR)/MyOmniApp.app/MyOmniApp";
			};
			name = Debug;
		};
		407E6B3D28A61D87005B12AE /* Release */ = {
			isa = XCBuildConfiguration;
			buildSettings = {
				ALWAYS_EMBED_SWIFT_STANDARD_LIBRARIES = YES;
				BUNDLE_LOADER = "$(TEST_HOST)";
				CODE_SIGN_STYLE = Automatic;
				CURRENT_PROJECT_VERSION = 1;
				DEVELOPMENT_TEAM = UG8K36LK2J;
				GENERATE_INFOPLIST_FILE = YES;
				IPHONEOS_DEPLOYMENT_TARGET = 15.5;
				MARKETING_VERSION = 1.0;
				PRODUCT_BUNDLE_IDENTIFIER = ranium.MyOmniAppTests;
				PRODUCT_NAME = "$(TARGET_NAME)";
				SWIFT_EMIT_LOC_STRINGS = NO;
				SWIFT_VERSION = 5.0;
				TARGETED_DEVICE_FAMILY = "1,2";
				TEST_HOST = "$(BUILT_PRODUCTS_DIR)/MyOmniApp.app/MyOmniApp";
			};
			name = Release;
		};
		407E6B3F28A61D87005B12AE /* Debug */ = {
			isa = XCBuildConfiguration;
			buildSettings = {
				ALWAYS_EMBED_SWIFT_STANDARD_LIBRARIES = YES;
				CODE_SIGN_STYLE = Automatic;
				CURRENT_PROJECT_VERSION = 1;
				DEVELOPMENT_TEAM = UG8K36LK2J;
				GENERATE_INFOPLIST_FILE = YES;
				MARKETING_VERSION = 1.0;
				PRODUCT_BUNDLE_IDENTIFIER = ranium.MyOmniAppUITests;
				PRODUCT_NAME = "$(TARGET_NAME)";
				SWIFT_EMIT_LOC_STRINGS = NO;
				SWIFT_VERSION = 5.0;
				TARGETED_DEVICE_FAMILY = "1,2";
				TEST_TARGET_NAME = MyOmniApp;
			};
			name = Debug;
		};
		407E6B4028A61D87005B12AE /* Release */ = {
			isa = XCBuildConfiguration;
			buildSettings = {
				ALWAYS_EMBED_SWIFT_STANDARD_LIBRARIES = YES;
				CODE_SIGN_STYLE = Automatic;
				CURRENT_PROJECT_VERSION = 1;
				DEVELOPMENT_TEAM = UG8K36LK2J;
				GENERATE_INFOPLIST_FILE = YES;
				MARKETING_VERSION = 1.0;
				PRODUCT_BUNDLE_IDENTIFIER = ranium.MyOmniAppUITests;
				PRODUCT_NAME = "$(TARGET_NAME)";
				SWIFT_EMIT_LOC_STRINGS = NO;
				SWIFT_VERSION = 5.0;
				TARGETED_DEVICE_FAMILY = "1,2";
				TEST_TARGET_NAME = MyOmniApp;
			};
			name = Release;
		};
		40B3884D28ACBD32007C4BD9 /* Debug */ = {
			isa = XCBuildConfiguration;
			buildSettings = {
				ASSETCATALOG_COMPILER_APPICON_NAME = AppIcon;
				ASSETCATALOG_COMPILER_GLOBAL_ACCENT_COLOR_NAME = AccentColor;
				CODE_SIGN_ENTITLEMENTS = AppClipExample/AppClipExample.entitlements;
				CODE_SIGN_STYLE = Automatic;
				CURRENT_PROJECT_VERSION = 1;
				DEVELOPMENT_TEAM = UG8K36LK2J;
				GENERATE_INFOPLIST_FILE = YES;
				INFOPLIST_FILE = AppClipExample/Info.plist;
				INFOPLIST_KEY_CFBundleDisplayName = MyOmniApp;
				INFOPLIST_KEY_UIApplicationSupportsIndirectInputEvents = YES;
				INFOPLIST_KEY_UILaunchStoryboardName = LaunchScreen;
				INFOPLIST_KEY_UIMainStoryboardFile = Main;
				INFOPLIST_KEY_UISupportedInterfaceOrientations_iPad = "UIInterfaceOrientationPortrait UIInterfaceOrientationPortraitUpsideDown UIInterfaceOrientationLandscapeLeft UIInterfaceOrientationLandscapeRight";
				INFOPLIST_KEY_UISupportedInterfaceOrientations_iPhone = "UIInterfaceOrientationPortrait UIInterfaceOrientationLandscapeLeft UIInterfaceOrientationLandscapeRight";
				LD_RUNPATH_SEARCH_PATHS = (
					"$(inherited)",
					"@executable_path/Frameworks",
				);
				MARKETING_VERSION = 1.0;
				PRODUCT_BUNDLE_IDENTIFIER = ranium.MyOmniApp.Clip;
				PRODUCT_NAME = "$(TARGET_NAME)";
				SWIFT_EMIT_LOC_STRINGS = YES;
				SWIFT_VERSION = 5.0;
				TARGETED_DEVICE_FAMILY = "1,2";
			};
			name = Debug;
		};
		40B3884E28ACBD32007C4BD9 /* Release */ = {
			isa = XCBuildConfiguration;
			buildSettings = {
				ASSETCATALOG_COMPILER_APPICON_NAME = AppIcon;
				ASSETCATALOG_COMPILER_GLOBAL_ACCENT_COLOR_NAME = AccentColor;
				CODE_SIGN_ENTITLEMENTS = AppClipExample/AppClipExample.entitlements;
				CODE_SIGN_STYLE = Automatic;
				CURRENT_PROJECT_VERSION = 1;
				DEVELOPMENT_TEAM = UG8K36LK2J;
				GENERATE_INFOPLIST_FILE = YES;
				INFOPLIST_FILE = AppClipExample/Info.plist;
				INFOPLIST_KEY_CFBundleDisplayName = MyOmniApp;
				INFOPLIST_KEY_UIApplicationSupportsIndirectInputEvents = YES;
				INFOPLIST_KEY_UILaunchStoryboardName = LaunchScreen;
				INFOPLIST_KEY_UIMainStoryboardFile = Main;
				INFOPLIST_KEY_UISupportedInterfaceOrientations_iPad = "UIInterfaceOrientationPortrait UIInterfaceOrientationPortraitUpsideDown UIInterfaceOrientationLandscapeLeft UIInterfaceOrientationLandscapeRight";
				INFOPLIST_KEY_UISupportedInterfaceOrientations_iPhone = "UIInterfaceOrientationPortrait UIInterfaceOrientationLandscapeLeft UIInterfaceOrientationLandscapeRight";
				LD_RUNPATH_SEARCH_PATHS = (
					"$(inherited)",
					"@executable_path/Frameworks",
				);
				MARKETING_VERSION = 1.0;
				PRODUCT_BUNDLE_IDENTIFIER = ranium.MyOmniApp.Clip;
				PRODUCT_NAME = "$(TARGET_NAME)";
				SWIFT_EMIT_LOC_STRINGS = YES;
				SWIFT_VERSION = 5.0;
				TARGETED_DEVICE_FAMILY = "1,2";
			};
			name = Release;
		};
		40B3884F28ACBD32007C4BD9 /* Debug */ = {
			isa = XCBuildConfiguration;
			buildSettings = {
				ALWAYS_EMBED_SWIFT_STANDARD_LIBRARIES = YES;
				BUNDLE_LOADER = "$(TEST_HOST)";
				CODE_SIGN_STYLE = Automatic;
				CURRENT_PROJECT_VERSION = 1;
				DEVELOPMENT_TEAM = UG8K36LK2J;
				GENERATE_INFOPLIST_FILE = YES;
				IPHONEOS_DEPLOYMENT_TARGET = 15.5;
				MARKETING_VERSION = 1.0;
				PRODUCT_BUNDLE_IDENTIFIER = ranium.MyOmniApp.AppClipExampleTests;
				PRODUCT_NAME = "$(TARGET_NAME)";
				SWIFT_EMIT_LOC_STRINGS = NO;
				SWIFT_VERSION = 5.0;
				TARGETED_DEVICE_FAMILY = "1,2";
				TEST_HOST = "$(BUILT_PRODUCTS_DIR)/AppClipExample.app/AppClipExample";
			};
			name = Debug;
		};
		40B3885028ACBD32007C4BD9 /* Release */ = {
			isa = XCBuildConfiguration;
			buildSettings = {
				ALWAYS_EMBED_SWIFT_STANDARD_LIBRARIES = YES;
				BUNDLE_LOADER = "$(TEST_HOST)";
				CODE_SIGN_STYLE = Automatic;
				CURRENT_PROJECT_VERSION = 1;
				DEVELOPMENT_TEAM = UG8K36LK2J;
				GENERATE_INFOPLIST_FILE = YES;
				IPHONEOS_DEPLOYMENT_TARGET = 15.5;
				MARKETING_VERSION = 1.0;
				PRODUCT_BUNDLE_IDENTIFIER = ranium.MyOmniApp.AppClipExampleTests;
				PRODUCT_NAME = "$(TARGET_NAME)";
				SWIFT_EMIT_LOC_STRINGS = NO;
				SWIFT_VERSION = 5.0;
				TARGETED_DEVICE_FAMILY = "1,2";
				TEST_HOST = "$(BUILT_PRODUCTS_DIR)/AppClipExample.app/AppClipExample";
			};
			name = Release;
		};
		40B3885128ACBD32007C4BD9 /* Debug */ = {
			isa = XCBuildConfiguration;
			buildSettings = {
				ALWAYS_EMBED_SWIFT_STANDARD_LIBRARIES = YES;
				CODE_SIGN_STYLE = Automatic;
				CURRENT_PROJECT_VERSION = 1;
				DEVELOPMENT_TEAM = UG8K36LK2J;
				GENERATE_INFOPLIST_FILE = YES;
				MARKETING_VERSION = 1.0;
				PRODUCT_BUNDLE_IDENTIFIER = ranium.MyOmniApp.AppClipExampleUITests;
				PRODUCT_NAME = "$(TARGET_NAME)";
				SWIFT_EMIT_LOC_STRINGS = NO;
				SWIFT_VERSION = 5.0;
				TARGETED_DEVICE_FAMILY = "1,2";
				TEST_TARGET_NAME = AppClipExample;
			};
			name = Debug;
		};
		40B3885228ACBD32007C4BD9 /* Release */ = {
			isa = XCBuildConfiguration;
			buildSettings = {
				ALWAYS_EMBED_SWIFT_STANDARD_LIBRARIES = YES;
				CODE_SIGN_STYLE = Automatic;
				CURRENT_PROJECT_VERSION = 1;
				DEVELOPMENT_TEAM = UG8K36LK2J;
				GENERATE_INFOPLIST_FILE = YES;
				MARKETING_VERSION = 1.0;
				PRODUCT_BUNDLE_IDENTIFIER = ranium.MyOmniApp.AppClipExampleUITests;
				PRODUCT_NAME = "$(TARGET_NAME)";
				SWIFT_EMIT_LOC_STRINGS = NO;
				SWIFT_VERSION = 5.0;
				TARGETED_DEVICE_FAMILY = "1,2";
				TEST_TARGET_NAME = AppClipExample;
			};
			name = Release;
		};
/* End XCBuildConfiguration section */

/* Begin XCConfigurationList section */
		407E6B0928A61D85005B12AE /* Build configuration list for PBXProject "MyOmniApp" */ = {
			isa = XCConfigurationList;
			buildConfigurations = (
				407E6B3628A61D87005B12AE /* Debug */,
				407E6B3728A61D87005B12AE /* Release */,
			);
			defaultConfigurationIsVisible = 0;
			defaultConfigurationName = Release;
		};
		407E6B3828A61D87005B12AE /* Build configuration list for PBXNativeTarget "MyOmniApp" */ = {
			isa = XCConfigurationList;
			buildConfigurations = (
				407E6B3928A61D87005B12AE /* Debug */,
				407E6B3A28A61D87005B12AE /* Release */,
			);
			defaultConfigurationIsVisible = 0;
			defaultConfigurationName = Release;
		};
		407E6B3B28A61D87005B12AE /* Build configuration list for PBXNativeTarget "MyOmniAppTests" */ = {
			isa = XCConfigurationList;
			buildConfigurations = (
				407E6B3C28A61D87005B12AE /* Debug */,
				407E6B3D28A61D87005B12AE /* Release */,
			);
			defaultConfigurationIsVisible = 0;
			defaultConfigurationName = Release;
		};
		407E6B3E28A61D87005B12AE /* Build configuration list for PBXNativeTarget "MyOmniAppUITests" */ = {
			isa = XCConfigurationList;
			buildConfigurations = (
				407E6B3F28A61D87005B12AE /* Debug */,
				407E6B4028A61D87005B12AE /* Release */,
			);
			defaultConfigurationIsVisible = 0;
			defaultConfigurationName = Release;
		};
		40B3885328ACBD32007C4BD9 /* Build configuration list for PBXNativeTarget "AppClipExample" */ = {
			isa = XCConfigurationList;
			buildConfigurations = (
				40B3884D28ACBD32007C4BD9 /* Debug */,
				40B3884E28ACBD32007C4BD9 /* Release */,
			);
			defaultConfigurationIsVisible = 0;
			defaultConfigurationName = Release;
		};
		40B3885428ACBD32007C4BD9 /* Build configuration list for PBXNativeTarget "AppClipExampleTests" */ = {
			isa = XCConfigurationList;
			buildConfigurations = (
				40B3884F28ACBD32007C4BD9 /* Debug */,
				40B3885028ACBD32007C4BD9 /* Release */,
			);
			defaultConfigurationIsVisible = 0;
			defaultConfigurationName = Release;
		};
		40B3885528ACBD32007C4BD9 /* Build configuration list for PBXNativeTarget "AppClipExampleUITests" */ = {
			isa = XCConfigurationList;
			buildConfigurations = (
				40B3885128ACBD32007C4BD9 /* Debug */,
				40B3885228ACBD32007C4BD9 /* Release */,
			);
			defaultConfigurationIsVisible = 0;
			defaultConfigurationName = Release;
		};
/* End XCConfigurationList section */
	};
	rootObject = 407E6B0628A61D85005B12AE /* Project object */;
}
